
Microsoft Visual Studio Solution File, Format Version 12.00
# Visual Studio Version 16
VisualStudioVersion = 16.0.31129.286
MinimumVisualStudioVersion = 10.0.40219.1
Project("{FAE04EC0-301F-11D3-BF4B-00C04F79EFBC}") = "WinFormsApp1", "WinFormsApp1\WinFormsApp1.csproj", "{A91EA13C-F87D-44F7-9F4D-E3B9C131A4D9}"
EndProject
Global
	GlobalSection(SolutionConfigurationPlatforms) = preSolution
		Debug|Any CPU = Debug|Any CPU
		Release|Any CPU = Release|Any CPU
	EndGlobalSection
	GlobalSection(ProjectConfigurationPlatforms) = postSolution
		{A91EA13C-F87D-44F7-9F4D-E3B9C131A4D9}.Debug|Any CPU.ActiveCfg = Debug|Any CPU
		{A91EA13C-F87D-44F7-9F4D-E3B9C131A4D9}.Debug|Any CPU.Build.0 = Debug|Any CPU
		{A91EA13C-F87D-44F7-9F4D-E3B9C131A4D9}.Release|Any CPU.ActiveCfg = Release|Any CPU
		{A91EA13C-F87D-44F7-9F4D-E3B9C131A4D9}.Release|Any CPU.Build.0 = Release|Any CPU
	EndGlobalSection
	GlobalSection(SolutionProperties) = preSolution
		HideSolutionNode = FALSE
	EndGlobalSection
	GlobalSection(ExtensibilityGlobals) = postSolution
		SolutionGuid = {FE075370-0707-48F2-BD20-2C66BA9BEAD1}
	EndGlobalSection
EndGlobal
